
Microsoft Visual Studio Solution File, Format Version 12.00
# Visual Studio Version 16
VisualStudioVersion = 16.0.30907.101
MinimumVisualStudioVersion = 10.0.40219.1
Project("{FAE04EC0-301F-11D3-BF4B-00C04F79EFBC}") = "Iodo.Iccs.Framework", "Iodo.Iccs.Framework\Iodo.Iccs.Framework.csproj", "{79402BBB-3A06-4639-B786-AC21C41254B2}"
EndProject
Global
	GlobalSection(SolutionConfigurationPlatforms) = preSolution
		Debug|Any CPU = Debug|Any CPU
		Release|Any CPU = Release|Any CPU
	EndGlobalSection
	GlobalSection(ProjectConfigurationPlatforms) = postSolution
		{79402BBB-3A06-4639-B786-AC21C41254B2}.Debug|Any CPU.ActiveCfg = Debug|Any CPU
		{79402BBB-3A06-4639-B786-AC21C41254B2}.Debug|Any CPU.Build.0 = Debug|Any CPU
		{79402BBB-3A06-4639-B786-AC21C41254B2}.Release|Any CPU.ActiveCfg = Release|Any CPU
		{79402BBB-3A06-4639-B786-AC21C41254B2}.Release|Any CPU.Build.0 = Release|Any CPU
	EndGlobalSection
	GlobalSection(SolutionProperties) = preSolution
		HideSolutionNode = FALSE
	EndGlobalSection
	GlobalSection(ExtensibilityGlobals) = postSolution
		SolutionGuid = {6F2A5AF8-C2C6-4F45-B526-36394730AE18}
	EndGlobalSection
EndGlobal
